{
  "name": "bxl-noise",
  "version": "0.1.0",
  "lockfileVersion": 3,
  "requires": true,
  "packages": {
    "": {
      "name": "bxl-noise",
      "version": "0.1.0",
      "dependencies": {
        "mapbox-gl": "^3.24.1"
      }
    },
    "node_modules/mapbox-gl": {
      "version": "3.30.0",
      "resolved": "https://registry.npmjs.org/mapbox-gl/-/mapbox-gl-3.30.0.tgz",
      "integrity": "sha512-26m0CSBszLkvbdVWf2oIZ3SjqCuResxJKEbupwwSyNwbwJAcgnMhDy2Yl5cSgtUxeamUJ1UeXRqpBmGEUVaAeQ==",
      "license": "SEE LICENSE IN LICENSE.txt",
      "workspaces": [
        "src/style-spec",
        "plugins/mapbox-gl-pmtiles-provider",
        "test/bundlers/*",
        "test/build/typings"
      ]
    }
  }
}
